
Microsoft Visual Studio Solution File, Format Version 12.00
# Visual Studio Version 16
VisualStudioVersion = 16.0.32126.315
MinimumVisualStudioVersion = 10.0.40219.1
Project("{FAE04EC0-301F-11D3-BF4B-00C04F79EFBC}") = "CalculatorForm", "CalculatorForm\CalculatorForm.csproj", "{76B81C97-DA46-41FE-9834-0EE63D7EA0AD}"
EndProject
Global
	GlobalSection(SolutionConfigurationPlatforms) = preSolution
		Debug|Any CPU = Debug|Any CPU
		Release|Any CPU = Release|Any CPU
	EndGlobalSection
	GlobalSection(ProjectConfigurationPlatforms) = postSolution
		{76B81C97-DA46-41FE-9834-0EE63D7EA0AD}.Debug|Any CPU.ActiveCfg = Debug|Any CPU
		{76B81C97-DA46-41FE-9834-0EE63D7EA0AD}.Debug|Any CPU.Build.0 = Debug|Any CPU
		{76B81C97-DA46-41FE-9834-0EE63D7EA0AD}.Release|Any CPU.ActiveCfg = Release|Any CPU
		{76B81C97-DA46-41FE-9834-0EE63D7EA0AD}.Release|Any CPU.Build.0 = Release|Any CPU
	EndGlobalSection
	GlobalSection(SolutionProperties) = preSolution
		HideSolutionNode = FALSE
	EndGlobalSection
	GlobalSection(ExtensibilityGlobals) = postSolution
		SolutionGuid = {CB592892-583B-443F-932F-A564925C9D8F}
	EndGlobalSection
EndGlobal
